
Microsoft Visual Studio Solution File, Format Version 12.00
Project("{2150E333-8FDC-42A3-9474-1A3956D46DE8}") = "src", "src", "{84754C8C-607E-44A6-9880-76BACB129276}"
EndProject
Project("{2150E333-8FDC-42A3-9474-1A3956D46DE8}") = "Backend", "Backend", "{D7F8410A-17BB-43AA-A137-C86206C8D270}"
EndProject
Project("{2150E333-8FDC-42A3-9474-1A3956D46DE8}") = "Shared", "Shared", "{C9441B3D-E2C3-4784-BAB8-960DE3B52FF8}"
EndProject
Project("{FAE04EC0-301F-11D3-BF4B-00C04F79EFBC}") = "EmailService.API", "src\Backend\EmailService.API\EmailService.API.csproj", "{1B273519-F8AB-437D-B6BF-D69CD1305417}"
EndProject
Project("{FAE04EC0-301F-11D3-BF4B-00C04F79EFBC}") = "Communication", "src\Shared\Communication\Communication.csproj", "{C0539351-2FCA-43C7-B04C-F26123BC4025}"
EndProject
Project("{FAE04EC0-301F-11D3-BF4B-00C04F79EFBC}") = "Exceptions", "src\Shared\Exceptions\Exceptions.csproj", "{9B284A49-A92F-49A5-BC9F-A942BC24B5D3}"
EndProject
Project("{FAE04EC0-301F-11D3-BF4B-00C04F79EFBC}") = "EmailService.Application", "src\Backend\EmailService.Application\EmailService.Application.csproj", "{84387BD7-D563-47CD-BE75-52C6E86EE7C9}"
EndProject
Project("{FAE04EC0-301F-11D3-BF4B-00C04F79EFBC}") = "EmailService.Domain", "src\Backend\EmailService.Domain\EmailService.Domain.csproj", "{42C93006-CC80-4FBB-83FE-8AA57960E385}"
EndProject
Project("{2150E333-8FDC-42A3-9474-1A3956D46DE8}") = "tests", "tests", "{6AFDA7A2-D19F-4DF9-B0C4-CBC0907491D6}"
EndProject
Project("{FAE04EC0-301F-11D3-BF4B-00C04F79EFBC}") = "EmailService.Infrastructure", "src\Backend\EmailService.Infrastructure\EmailService.Infrastructure.csproj", "{892DB8AA-38CA-46F5-9F73-EF81F7DB6073}"
EndProject
Global
	GlobalSection(SolutionConfigurationPlatforms) = preSolution
		Debug|Any CPU = Debug|Any CPU
		Release|Any CPU = Release|Any CPU
	EndGlobalSection
	GlobalSection(NestedProjects) = preSolution
		{D7F8410A-17BB-43AA-A137-C86206C8D270} = {84754C8C-607E-44A6-9880-76BACB129276}
		{C9441B3D-E2C3-4784-BAB8-960DE3B52FF8} = {84754C8C-607E-44A6-9880-76BACB129276}
		{1B273519-F8AB-437D-B6BF-D69CD1305417} = {D7F8410A-17BB-43AA-A137-C86206C8D270}
		{C0539351-2FCA-43C7-B04C-F26123BC4025} = {C9441B3D-E2C3-4784-BAB8-960DE3B52FF8}
		{9B284A49-A92F-49A5-BC9F-A942BC24B5D3} = {C9441B3D-E2C3-4784-BAB8-960DE3B52FF8}
		{84387BD7-D563-47CD-BE75-52C6E86EE7C9} = {D7F8410A-17BB-43AA-A137-C86206C8D270}
		{42C93006-CC80-4FBB-83FE-8AA57960E385} = {D7F8410A-17BB-43AA-A137-C86206C8D270}
		{892DB8AA-38CA-46F5-9F73-EF81F7DB6073} = {D7F8410A-17BB-43AA-A137-C86206C8D270}
	EndGlobalSection
	GlobalSection(ProjectConfigurationPlatforms) = postSolution
		{1B273519-F8AB-437D-B6BF-D69CD1305417}.Debug|Any CPU.ActiveCfg = Debug|Any CPU
		{1B273519-F8AB-437D-B6BF-D69CD1305417}.Debug|Any CPU.Build.0 = Debug|Any CPU
		{1B273519-F8AB-437D-B6BF-D69CD1305417}.Release|Any CPU.ActiveCfg = Release|Any CPU
		{1B273519-F8AB-437D-B6BF-D69CD1305417}.Release|Any CPU.Build.0 = Release|Any CPU
		{C0539351-2FCA-43C7-B04C-F26123BC4025}.Debug|Any CPU.ActiveCfg = Debug|Any CPU
		{C0539351-2FCA-43C7-B04C-F26123BC4025}.Debug|Any CPU.Build.0 = Debug|Any CPU
		{C0539351-2FCA-43C7-B04C-F26123BC4025}.Release|Any CPU.ActiveCfg = Release|Any CPU
		{C0539351-2FCA-43C7-B04C-F26123BC4025}.Release|Any CPU.Build.0 = Release|Any CPU
		{9B284A49-A92F-49A5-BC9F-A942BC24B5D3}.Debug|Any CPU.ActiveCfg = Debug|Any CPU
		{9B284A49-A92F-49A5-BC9F-A942BC24B5D3}.Debug|Any CPU.Build.0 = Debug|Any CPU
		{9B284A49-A92F-49A5-BC9F-A942BC24B5D3}.Release|Any CPU.ActiveCfg = Release|Any CPU
		{9B284A49-A92F-49A5-BC9F-A942BC24B5D3}.Release|Any CPU.Build.0 = Release|Any CPU
		{84387BD7-D563-47CD-BE75-52C6E86EE7C9}.Debug|Any CPU.ActiveCfg = Debug|Any CPU
		{84387BD7-D563-47CD-BE75-52C6E86EE7C9}.Debug|Any CPU.Build.0 = Debug|Any CPU
		{84387BD7-D563-47CD-BE75-52C6E86EE7C9}.Release|Any CPU.ActiveCfg = Release|Any CPU
		{84387BD7-D563-47CD-BE75-52C6E86EE7C9}.Release|Any CPU.Build.0 = Release|Any CPU
		{42C93006-CC80-4FBB-83FE-8AA57960E385}.Debug|Any CPU.ActiveCfg = Debug|Any CPU
		{42C93006-CC80-4FBB-83FE-8AA57960E385}.Debug|Any CPU.Build.0 = Debug|Any CPU
		{42C93006-CC80-4FBB-83FE-8AA57960E385}.Release|Any CPU.ActiveCfg = Release|Any CPU
		{42C93006-CC80-4FBB-83FE-8AA57960E385}.Release|Any CPU.Build.0 = Release|Any CPU
		{892DB8AA-38CA-46F5-9F73-EF81F7DB6073}.Debug|Any CPU.ActiveCfg = Debug|Any CPU
		{892DB8AA-38CA-46F5-9F73-EF81F7DB6073}.Debug|Any CPU.Build.0 = Debug|Any CPU
		{892DB8AA-38CA-46F5-9F73-EF81F7DB6073}.Release|Any CPU.ActiveCfg = Release|Any CPU
		{892DB8AA-38CA-46F5-9F73-EF81F7DB6073}.Release|Any CPU.Build.0 = Release|Any CPU
	EndGlobalSection
EndGlobal
